// !$*UTF8*$!
{
	archiveVersion = 1;
	classes = {
	};
	objectVersion = 46;
	objects = {

/* Begin PBXBuildFile section */
		DCD213961DE9AE2A0081D383 /* main.m in Sources */ = {isa = PBXBuildFile; fileRef = DCD213951DE9AE2A0081D383 /* main.m */; };
		DCD213991DE9AE2A0081D383 /* AppDelegate.m in Sources */ = {isa = PBXBuildFile; fileRef = DCD213981DE9AE2A0081D383 /* AppDelegate.m */; };
		DCD2139C1DE9AE2A0081D383 /* ViewController.m in Sources */ = {isa = PBXBuildFile; fileRef = DCD2139B1DE9AE2A0081D383 /* ViewController.m */; };
		DCD2139F1DE9AE2A0081D383 /* Main.storyboard in Resources */ = {isa = PBXBuildFile; fileRef = DCD2139D1DE9AE2A0081D383 /* Main.storyboard */; };
		DCD213A11DE9AE2A0081D383 /* Assets.xcassets in Resources */ = {isa = PBXBuildFile; fileRef = DCD213A01DE9AE2A0081D383 /* Assets.xcassets */; };
		DCD213A41DE9AE2A0081D383 /* LaunchScreen.storyboard in Resources */ = {isa = PBXBuildFile; fileRef = DCD213A21DE9AE2A0081D383 /* LaunchScreen.storyboard */; };
/* End PBXBuildFile section */

/* Begin PBXFileReference section */
		DCD213911DE9AE2A0081D383 /* PushNotification-iOS10.app */ = {isa = PBXFileReference; explicitFileType = wrapper.application; includeInIndex = 0; path = "PushNotification-iOS10.app"; sourceTree = BUILT_PRODUCTS_DIR; };
		DCD213951DE9AE2A0081D383 /* main.m */ = {isa = PBXFileReference; lastKnownFileType = sourcecode.c.objc; path = main.m; sourceTree = "<group>"; };
		DCD213971DE9AE2A0081D383 /* AppDelegate.h */ = {isa = PBXFileReference; lastKnownFileType = sourcecode.c.h; path = AppDelegate.h; sourceTree = "<group>"; };
		DCD213981DE9AE2A0081D383 /* AppDelegate.m */ = {isa = PBXFileReference; lastKnownFileType = sourcecode.c.objc; path = AppDelegate.m; sourceTree = "<group>"; };
		DCD2139A1DE9AE2A0081D383 /* ViewController.h */ = {isa = PBXFileReference; lastKnownFileType = sourcecode.c.h; path = ViewController.h; sourceTree = "<group>"; };
		DCD2139B1DE9AE2A0081D383 /* ViewController.m */ = {isa = PBXFileReference; lastKnownFileType = sourcecode.c.objc; path = ViewController.m; sourceTree = "<group>"; };
		DCD2139E1DE9AE2A0081D383 /* Base */ = {isa = PBXFileReference; lastKnownFileType = file.storyboard; name = Base; path = Base.lproj/Main.storyboard; sourceTree = "<group>"; };
		DCD213A01DE9AE2A0081D383 /* Assets.xcassets */ = {isa = PBXFileReference; lastKnownFileType = folder.assetcatalog; path = Assets.xcassets; sourceTree = "<group>"; };
		DCD213A31DE9AE2A0081D383 /* Base */ = {isa = PBXFileReference; lastKnownFileType = file.storyboard; name = Base; path = Base.lproj/LaunchScreen.storyboard; sourceTree = "<group>"; };
		DCD213A51DE9AE2A0081D383 /* Info.plist */ = {isa = PBXFileReference; lastKnownFileType = text.plist.xml; path = Info.plist; sourceTree = "<group>"; };
/* End PBXFileReference section */

/* Begin PBXFrameworksBuildPhase section */
		DCD2138E1DE9AE2A0081D383 /* Frameworks */ = {
			isa = PBXFrameworksBuildPhase;
			buildActionMask = 2147483647;
			files = (
			);
			runOnlyForDeploymentPostprocessing = 0;
		};
/* End PBXFrameworksBuildPhase section */

/* Begin PBXGroup section */
		DCD213881DE9AE2A0081D383 = {
			isa = PBXGroup;
			children = (
				DCD213931DE9AE2A0081D383 /* PushNotification-iOS10 */,
				DCD213921DE9AE2A0081D383 /* Products */,
			);
			sourceTree = "<group>";
		};
		DCD213921DE9AE2A0081D383 /* Products */ = {
			isa = PBXGroup;
			children = (
				DCD213911DE9AE2A0081D383 /* PushNotification-iOS10.app */,
			);
			name = Products;
			sourceTree = "<group>";
		};
		DCD213931DE9AE2A0081D383 /* PushNotification-iOS10 */ = {
			isa = PBXGroup;
			children = (
				DCD213971DE9AE2A0081D383 /* AppDelegate.h */,
				DCD213981DE9AE2A0081D383 /* AppDelegate.m */,
				DCD2139A1DE9AE2A0081D383 /* ViewController.h */,
				DCD2139B1DE9AE2A0081D383 /* ViewController.m */,
				DCD2139D1DE9AE2A0081D383 /* Main.storyboard */,
				DCD213A01DE9AE2A0081D383 /* Assets.xcassets */,
				DCD213A21DE9AE2A0081D383 /* LaunchScreen.storyboard */,
				DCD213A51DE9AE2A0081D383 /* Info.plist */,
				DCD213941DE9AE2A0081D383 /* Supporting Files */,
			);
			path = "PushNotification-iOS10";
			sourceTree = "<group>";
		};
		DCD213941DE9AE2A0081D383 /* Supporting Files */ = {
			isa = PBXGroup;
			children = (
				DCD213951DE9AE2A0081D383 /* main.m */,
			);
			name = "Supporting Files";
			sourceTree = "<group>";
		};
/* End PBXGroup section */

/* Begin PBXNativeTarget section */
		DCD213901DE9AE2A0081D383 /* PushNotification-iOS10 */ = {
			isa = PBXNativeTarget;
			buildConfigurationList = DCD213A81DE9AE2A0081D383 /* Build configuration list for PBXNativeTarget "PushNotification-iOS10" */;
			buildPhases = (
				DCD2138D1DE9AE2A0081D383 /* Sources */,
				DCD2138E1DE9AE2A0081D383 /* Frameworks */,
				DCD2138F1DE9AE2A0081D383 /* Resources */,
			);
			buildRules = (
			);
			dependencies = (
			);
			name = "PushNotification-iOS10";
			productName = "PushNotification-iOS10";
			productReference = DCD213911DE9AE2A0081D383 /* PushNotification-iOS10.app */;
			productType = "com.apple.product-type.application";
		};
/* End PBXNativeTarget section */

/* Begin PBXProject section */
		DCD213891DE9AE2A0081D383 /* Project object */ = {
			isa = PBXProject;
			attributes = {
				LastUpgradeCheck = 0800;
				ORGANIZATIONNAME = "Aman Aggarwal";
				TargetAttributes = {
					DCD213901DE9AE2A0081D383 = {
						CreatedOnToolsVersion = 8.0;
						ProvisioningStyle = Automatic;
					};
				};
			};
			buildConfigurationList = DCD2138C1DE9AE2A0081D383 /* Build configuration list for PBXProject "PushNotification-iOS10" */;
			compatibilityVersion = "Xcode 3.2";
			developmentRegion = English;
			hasScannedForEncodings = 0;
			knownRegions = (
				en,
				Base,
			);
			mainGroup = DCD213881DE9AE2A0081D383;
			productRefGroup = DCD213921DE9AE2A0081D383 /* Products */;
			projectDirPath = "";
			projectRoot = "";
			targets = (
				DCD213901DE9AE2A0081D383 /* PushNotification-iOS10 */,
			);
		};
/* End PBXProject section */

/* Begin PBXResourcesBuildPhase section */
		DCD2138F1DE9AE2A0081D383 /* Resources */ = {
			isa = PBXResourcesBuildPhase;
			buildActionMask = 2147483647;
			files = (
				DCD213A41DE9AE2A0081D383 /* LaunchScreen.storyboard in Resources */,
				DCD213A11DE9AE2A0081D383 /* Assets.xcassets in Resources */,
				DCD2139F1DE9AE2A0081D383 /* Main.storyboard in Resources */,
			);
			runOnlyForDeploymentPostprocessing = 0;
		};
/* End PBXResourcesBuildPhase section */

/* Begin PBXSourcesBuildPhase section */
		DCD2138D1DE9AE2A0081D383 /* Sources */ = {
			isa = PBXSourcesBuildPhase;
			buildActionMask = 2147483647;
			files = (
				DCD2139C1DE9AE2A0081D383 /* ViewController.m in Sources */,
				DCD213991DE9AE2A0081D383 /* AppDelegate.m in Sources */,
				DCD213961DE9AE2A0081D383 /* main.m in Sources */,
			);
			runOnlyForDeploymentPostprocessing = 0;
		};
/* End PBXSourcesBuildPhase section */

/* Begin PBXVariantGroup section */
		DCD2139D1DE9AE2A0081D383 /* Main.storyboard */ = {
			isa = PBXVariantGroup;
			children = (
				DCD2139E1DE9AE2A0081D383 /* Base */,
			);
			name = Main.storyboard;
			sourceTree = "<group>";
		};
		DCD213A21DE9AE2A0081D383 /* LaunchScreen.storyboard */ = {
			isa = PBXVariantGroup;
			children = (
				DCD213A31DE9AE2A0081D383 /* Base */,
			);
			name = LaunchScreen.storyboard;
			sourceTree = "<group>";
		};
/* End PBXVariantGroup section */

/* Begin XCBuildConfiguration section */
		DCD213A61DE9AE2A0081D383 /* Debug */ = {
			isa = XCBuildConfiguration;
			buildSettings = {
				ALWAYS_SEARCH_USER_PATHS = NO;
				CLANG_ANALYZER_NONNULL = YES;
				CLANG_CXX_LANGUAGE_STANDARD = "gnu++0x";
				CLANG_CXX_LIBRARY = "libc++";
				CLANG_ENABLE_MODULES = YES;
				CLANG_ENABLE_OBJC_ARC = YES;
				CLANG_WARN_BOOL_CONVERSION = YES;
				CLANG_WARN_CONSTANT_CONVERSION = YES;
				CLANG_WARN_DIRECT_OBJC_ISA_USAGE = YES_ERROR;
				CLANG_WARN_DOCUMENTATION_COMMENTS = YES;
				CLANG_WARN_EMPTY_BODY = YES;
				CLANG_WARN_ENUM_CONVERSION = YES;
				CLANG_WARN_INFINITE_RECURSION = YES;
				CLANG_WARN_INT_CONVERSION = YES;
				CLANG_WARN_OBJC_ROOT_CLASS = YES_ERROR;
				CLANG_WARN_SUSPICIOUS_MOVES = YES;
				CLANG_WARN_UNREACHABLE_CODE = YES;
				CLANG_WARN__DUPLICATE_METHOD_MATCH = YES;
				"CODE_SIGN_IDENTITY[sdk=iphoneos*]" = "iPhone Developer";
				COPY_PHASE_STRIP = NO;
				DEBUG_INFORMATION_FORMAT = dwarf;
				ENABLE_STRICT_OBJC_MSGSEND = YES;
				ENABLE_TESTABILITY = YES;
				GCC_C_LANGUAGE_STANDARD = gnu99;
				GCC_DYNAMIC_NO_PIC = NO;
				GCC_NO_COMMON_BLOCKS = YES;
				GCC_OPTIMIZATION_LEVEL = 0;
				GCC_PREPROCESSOR_DEFINITIONS = (
					"DEBUG=1",
					"$(inherited)",
				);
				GCC_WARN_64_TO_32_BIT_CONVERSION = YES;
				GCC_WARN_ABOUT_RETURN_TYPE = YES_ERROR;
				GCC_WARN_UNDECLARED_SELECTOR = YES;
				GCC_WARN_UNINITIALIZED_AUTOS = YES_AGGRESSIVE;
				GCC_WARN_UNUSED_FUNCTION = YES;
				GCC_WARN_UNUSED_VARIABLE = YES;
				IPHONEOS_DEPLOYMENT_TARGET = 10.0;
				MTL_ENABLE_DEBUG_INFO = YES;
				ONLY_ACTIVE_ARCH = YES;
				SDKROOT = iphoneos;
			};
			name = Debug;
		};
		DCD213A71DE9AE2A0081D383 /* Release */ = {
			isa = XCBuildConfiguration;
			buildSettings = {
				ALWAYS_SEARCH_USER_PATHS = NO;
				CLANG_ANALYZER_NONNULL = YES;
				CLANG_CXX_LANGUAGE_STANDARD = "gnu++0x";
				CLANG_CXX_LIBRARY = "libc++";
				CLANG_ENABLE_MODULES = YES;
				CLANG_ENABLE_OBJC_ARC = YES;
				CLANG_WARN_BOOL_CONVERSION = YES;
				CLANG_WARN_CONSTANT_CONVERSION = YES;
				CLANG_WARN_DIRECT_OBJC_ISA_USAGE = YES_ERROR;
				CLANG_WARN_DOCUMENTATION_COMMENTS = YES;
				CLANG_WARN_EMPTY_BODY = YES;
				CLANG_WARN_ENUM_CONVERSION = YES;
				CLANG_WARN_INFINITE_RECURSION = YES;
				CLANG_WARN_INT_CONVERSION = YES;
				CLANG_WARN_OBJC_ROOT_CLASS = YES_ERROR;
				CLANG_WARN_SUSPICIOUS_MOVES = YES;
				CLANG_WARN_UNREACHABLE_CODE = YES;
				CLANG_WARN__DUPLICATE_METHOD_MATCH = YES;
				"CODE_SIGN_IDENTITY[sdk=iphoneos*]" = "iPhone Developer";
				COPY_PHASE_STRIP = NO;
				DEBUG_INFORMATION_FORMAT = "dwarf-with-dsym";
				ENABLE_NS_ASSERTIONS = NO;
				ENABLE_STRICT_OBJC_MSGSEND = YES;
				GCC_C_LANGUAGE_STANDARD = gnu99;
				GCC_NO_COMMON_BLOCKS = YES;
				GCC_WARN_64_TO_32_BIT_CONVERSION = YES;
				GCC_WARN_ABOUT_RETURN_TYPE = YES_ERROR;
				GCC_WARN_UNDECLARED_SELECTOR = YES;
				GCC_WARN_UNINITIALIZED_AUTOS = YES_AGGRESSIVE;
				GCC_WARN_UNUSED_FUNCTION = YES;
				GCC_WARN_UNUSED_VARIABLE = YES;
				IPHONEOS_DEPLOYMENT_TARGET = 10.0;
				MTL_ENABLE_DEBUG_INFO = NO;
				SDKROOT = iphoneos;
				VALIDATE_PRODUCT = YES;
			};
			name = Release;
		};
		DCD213A91DE9AE2A0081D383 /* Debug */ = {
			isa = XCBuildConfiguration;
			buildSettings = {
				ASSETCATALOG_COMPILER_APPICON_NAME = AppIcon;
				INFOPLIST_FILE = "PushNotification-iOS10/Info.plist";
				IPHONEOS_DEPLOYMENT_TARGET = 8.0;
				LD_RUNPATH_SEARCH_PATHS = "$(inherited) @executable_path/Frameworks";
				PRODUCT_BUNDLE_IDENTIFIER = "com.leoiphonedev.PushNotification-iOS10";
				PRODUCT_NAME = "$(TARGET_NAME)";
			};
			name = Debug;
		};
		DCD213AA1DE9AE2A0081D383 /* Release */ = {
			isa = XCBuildConfiguration;
			buildSettings = {
				ASSETCATALOG_COMPILER_APPICON_NAME = AppIcon;
				INFOPLIST_FILE = "PushNotification-iOS10/Info.plist";
				IPHONEOS_DEPLOYMENT_TARGET = 8.0;
				LD_RUNPATH_SEARCH_PATHS = "$(inherited) @executable_path/Frameworks";
				PRODUCT_BUNDLE_IDENTIFIER = "com.leoiphonedev.PushNotification-iOS10";
				PRODUCT_NAME = "$(TARGET_NAME)";
			};
			name = Release;
		};
/* End XCBuildConfiguration section */

/* Begin XCConfigurationList section */
		DCD2138C1DE9AE2A0081D383 /* Build configuration list for PBXProject "PushNotification-iOS10" */ = {
			isa = XCConfigurationList;
			buildConfigurations = (
				DCD213A61DE9AE2A0081D383 /* Debug */,
				DCD213A71DE9AE2A0081D383 /* Release */,
			);
			defaultConfigurationIsVisible = 0;
			defaultConfigurationName = Release;
		};
		DCD213A81DE9AE2A0081D383 /* Build configuration list for PBXNativeTarget "PushNotification-iOS10" */ = {
			isa = XCConfigurationList;
			buildConfigurations = (
				DCD213A91DE9AE2A0081D383 /* Debug */,
				DCD213AA1DE9AE2A0081D383 /* Release */,
			);
			defaultConfigurationIsVisible = 0;
		};
/* End XCConfigurationList section */
	};
	rootObject = DCD213891DE9AE2A0081D383 /* Project object */;
}
